<?xml version="1.0" encoding="utf-8"?>
<Project ToolsVersion="4.0" xmlns="http://schemas.microsoft.com/developer/msbuild/2003">
  <ItemGroup>
    <Filter Include="Source Files">
      <UniqueIdentifier>{4FC737F1-C7A5-4376-A066-2A32D752A2FF}</UniqueIdentifier>
      <Extensions>cpp;c;cc;cxx;def;odl;idl;hpj;bat;asm;asmx</Extensions>
    </Filter>
    <Filter Include="Header Files">
      <UniqueIdentifier>{93995380-89BD-4b04-88EB-625FBE52EBFB}</UniqueIdentifier>
      <Extensions>h;hh;hpp;hxx;hm;inl;inc;xsd</Extensions>
    </Filter>
    <Filter Include="Resource Files">
      <UniqueIdentifier>{67DA6AB6-F800-4c08-8B7A-83BB121AAD01}</UniqueIdentifier>
      <Extensions>rc;ico;cur;bmp;dlg;rc2;rct;bin;rgs;gif;jpg;jpeg;jpe;resx;tiff;tif;png;wav;mfcribbon-ms</Extensions>
    </Filter>
  </ItemGroup>
  <ItemGroup>
    <ClCompile Include="adaptativeCodebookSearch.cpp">
      <Filter>Source Files</Filter>
    </ClCompile>
    <ClCompile Include="codebooks.cpp">
      <Filter>Source Files</Filter>
    </ClCompile>
    <ClCompile Include="computeAdaptativeCodebookGain.cpp">
      <Filter>Source Files</Filter>
    </ClCompile>
    <ClCompile Include="computeLP.cpp">
      <Filter>Source Files</Filter>
    </ClCompile>
    <ClCompile Include="computeWeightedSpeech.cpp">
      <Filter>Source Files</Filter>
    </ClCompile>
    <ClCompile Include="decodeAdaptativeCodeVector.cpp">
      <Filter>Source Files</Filter>
    </ClCompile>
    <ClCompile Include="decodeFixedCodeVector.cpp">
      <Filter>Source Files</Filter>
    </ClCompile>
    <ClCompile Include="decodeGains.cpp">
      <Filter>Source Files</Filter>
    </ClCompile>
    <ClCompile Include="decodeLSP.cpp">
      <Filter>Source Files</Filter>
    </ClCompile>
    <ClCompile Include="decoder.cpp">
      <Filter>Source Files</Filter>
    </ClCompile>
    <ClCompile Include="encoder.cpp">
      <Filter>Source Files</Filter>
    </ClCompile>
    <ClCompile Include="findOpenLoopPitchDelay.cpp">
      <Filter>Source Files</Filter>
    </ClCompile>
    <ClCompile Include="fixedCodebookSearch.cpp">
      <Filter>Source Files</Filter>
    </ClCompile>
    <ClCompile Include="gainQuantization.cpp">
      <Filter>Source Files</Filter>
    </ClCompile>
    <ClCompile Include="interpolateqLSP.cpp">
      <Filter>Source Files</Filter>
    </ClCompile>
    <ClCompile Include="LP2LSPConversion.cpp">
      <Filter>Source Files</Filter>
    </ClCompile>
    <ClCompile Include="LPSynthesisFilter.cpp">
      <Filter>Source Files</Filter>
    </ClCompile>
    <ClCompile Include="LSPQuantization.cpp">
      <Filter>Source Files</Filter>
    </ClCompile>
    <ClCompile Include="pcap2wav.cpp">
      <Filter>Source Files</Filter>
    </ClCompile>
    <ClCompile Include="pcm2wav.cpp">
      <Filter>Source Files</Filter>
    </ClCompile>
    <ClCompile Include="postFilter.cpp">
      <Filter>Source Files</Filter>
    </ClCompile>
    <ClCompile Include="postProcessing.cpp">
      <Filter>Source Files</Filter>
    </ClCompile>
    <ClCompile Include="preProcessing.cpp">
      <Filter>Source Files</Filter>
    </ClCompile>
    <ClCompile Include="qLSP2LP.cpp">
      <Filter>Source Files</Filter>
    </ClCompile>
    <ClCompile Include="utils.cpp">
      <Filter>Source Files</Filter>
    </ClCompile>
  </ItemGroup>
  <ItemGroup>
    <ClInclude Include="adaptativeCodebookSearch.h">
      <Filter>Header Files</Filter>
    </ClInclude>
    <ClInclude Include="basicOperationsMacros.h">
      <Filter>Header Files</Filter>
    </ClInclude>
    <ClInclude Include="codebooks.h">
      <Filter>Header Files</Filter>
    </ClInclude>
    <ClInclude Include="codecParameters.h">
      <Filter>Header Files</Filter>
    </ClInclude>
    <ClInclude Include="computeAdaptativeCodebookGain.h">
      <Filter>Header Files</Filter>
    </ClInclude>
    <ClInclude Include="computeLP.h">
      <Filter>Header Files</Filter>
    </ClInclude>
    <ClInclude Include="computeWeightedSpeech.h">
      <Filter>Header Files</Filter>
    </ClInclude>
    <ClInclude Include="decodeAdaptativeCodeVector.h">
      <Filter>Header Files</Filter>
    </ClInclude>
    <ClInclude Include="decodeFixedCodeVector.h">
      <Filter>Header Files</Filter>
    </ClInclude>
    <ClInclude Include="decodeGains.h">
      <Filter>Header Files</Filter>
    </ClInclude>
    <ClInclude Include="decodeLSP.h">
      <Filter>Header Files</Filter>
    </ClInclude>
    <ClInclude Include="decoder.h">
      <Filter>Header Files</Filter>
    </ClInclude>
    <ClInclude Include="encoder.h">
      <Filter>Header Files</Filter>
    </ClInclude>
    <ClInclude Include="findOpenLoopPitchDelay.h">
      <Filter>Header Files</Filter>
    </ClInclude>
    <ClInclude Include="fixedCodebookSearch.h">
      <Filter>Header Files</Filter>
    </ClInclude>
    <ClInclude Include="fixedPointMacros.h">
      <Filter>Header Files</Filter>
    </ClInclude>
    <ClInclude Include="floatingPointMacros.h">
      <Filter>Header Files</Filter>
    </ClInclude>
    <ClInclude Include="g729FixedPointMath.h">
      <Filter>Header Files</Filter>
    </ClInclude>
    <ClInclude Include="gainQuantization.h">
      <Filter>Header Files</Filter>
    </ClInclude>
    <ClInclude Include="interpolateqLSP.h">
      <Filter>Header Files</Filter>
    </ClInclude>
    <ClInclude Include="LP2LSPConversion.h">
      <Filter>Header Files</Filter>
    </ClInclude>
    <ClInclude Include="LPSynthesisFilter.h">
      <Filter>Header Files</Filter>
    </ClInclude>
    <ClInclude Include="LSPQuantization.h">
      <Filter>Header Files</Filter>
    </ClInclude>
    <ClInclude Include="pcap_header.h">
      <Filter>Header Files</Filter>
    </ClInclude>
    <ClInclude Include="pcm2wav.h">
      <Filter>Header Files</Filter>
    </ClInclude>
    <ClInclude Include="postFilter.h">
      <Filter>Header Files</Filter>
    </ClInclude>
    <ClInclude Include="postProcessing.h">
      <Filter>Header Files</Filter>
    </ClInclude>
    <ClInclude Include="preProcessing.h">
      <Filter>Header Files</Filter>
    </ClInclude>
    <ClInclude Include="qLSP2LP.h">
      <Filter>Header Files</Filter>
    </ClInclude>
    <ClInclude Include="typedef.h">
      <Filter>Header Files</Filter>
    </ClInclude>
    <ClInclude Include="utils.h">
      <Filter>Header Files</Filter>
    </ClInclude>
  </ItemGroup>
</Project>